
Microsoft Visual Studio Solution File, Format Version 12.00
# Visual Studio 15
VisualStudioVersion = 15.0.26430.16
MinimumVisualStudioVersion = 10.0.40219.1
Project("{FAE04EC0-301F-11D3-BF4B-00C04F79EFBC}") = "02-AsyncCallbackDemo", "02-AsyncCallbackDemo\02-AsyncCallbackDemo.csproj", "{E5710EE4-CDFD-4E1C-90B1-DEAB8A7A0F99}"
EndProject
Project("{FAE04EC0-301F-11D3-BF4B-00C04F79EFBC}") = "01-AsyncDelegateDemo", "01-AsyncDemo\01-AsyncDelegateDemo.csproj", "{136DEB05-491C-4ECF-A3D8-0FB244C17E5D}"
EndProject
Project("{FAE04EC0-301F-11D3-BF4B-00C04F79EFBC}") = "03-AsyncThreadDemo", "03-AsyncThreadDemo\03-AsyncThreadDemo.csproj", "{23DD6034-C2F2-4154-AC32-459FA78F48A0}"
EndProject
Global
	GlobalSection(SolutionConfigurationPlatforms) = preSolution
		Debug|Any CPU = Debug|Any CPU
		Release|Any CPU = Release|Any CPU
	EndGlobalSection
	GlobalSection(ProjectConfigurationPlatforms) = postSolution
		{E5710EE4-CDFD-4E1C-90B1-DEAB8A7A0F99}.Debug|Any CPU.ActiveCfg = Debug|Any CPU
		{E5710EE4-CDFD-4E1C-90B1-DEAB8A7A0F99}.Debug|Any CPU.Build.0 = Debug|Any CPU
		{E5710EE4-CDFD-4E1C-90B1-DEAB8A7A0F99}.Release|Any CPU.ActiveCfg = Release|Any CPU
		{E5710EE4-CDFD-4E1C-90B1-DEAB8A7A0F99}.Release|Any CPU.Build.0 = Release|Any CPU
		{136DEB05-491C-4ECF-A3D8-0FB244C17E5D}.Debug|Any CPU.ActiveCfg = Debug|Any CPU
		{136DEB05-491C-4ECF-A3D8-0FB244C17E5D}.Debug|Any CPU.Build.0 = Debug|Any CPU
		{136DEB05-491C-4ECF-A3D8-0FB244C17E5D}.Release|Any CPU.ActiveCfg = Release|Any CPU
		{136DEB05-491C-4ECF-A3D8-0FB244C17E5D}.Release|Any CPU.Build.0 = Release|Any CPU
		{23DD6034-C2F2-4154-AC32-459FA78F48A0}.Debug|Any CPU.ActiveCfg = Debug|Any CPU
		{23DD6034-C2F2-4154-AC32-459FA78F48A0}.Debug|Any CPU.Build.0 = Debug|Any CPU
		{23DD6034-C2F2-4154-AC32-459FA78F48A0}.Release|Any CPU.ActiveCfg = Release|Any CPU
		{23DD6034-C2F2-4154-AC32-459FA78F48A0}.Release|Any CPU.Build.0 = Release|Any CPU
	EndGlobalSection
	GlobalSection(SolutionProperties) = preSolution
		HideSolutionNode = FALSE
	EndGlobalSection
EndGlobal
